
Microsoft Visual Studio Solution File, Format Version 12.00
# Visual Studio Version 17
VisualStudioVersion = 17.14.37027.9 d17.14
MinimumVisualStudioVersion = 10.0.40219.1
Project("{FAE04EC0-301F-11D3-BF4B-00C04F79EFBC}") = "PasswordManager.client", "PasswordManager\PasswordManager.client.csproj", "{96AE1CB6-E892-4218-954A-73EAAA8CBE31}"
EndProject
Project("{FAE04EC0-301F-11D3-BF4B-00C04F79EFBC}") = "PasswordManager.ui", "PasswordManager.ui\PasswordManager.ui.csproj", "{E7DF6C7F-9375-4B23-8BA0-6895A6761BAD}"
EndProject
Global
	GlobalSection(SolutionConfigurationPlatforms) = preSolution
		Debug|Any CPU = Debug|Any CPU
		Release|Any CPU = Release|Any CPU
	EndGlobalSection
	GlobalSection(ProjectConfigurationPlatforms) = postSolution
		{96AE1CB6-E892-4218-954A-73EAAA8CBE31}.Debug|Any CPU.ActiveCfg = Debug|Any CPU
		{96AE1CB6-E892-4218-954A-73EAAA8CBE31}.Debug|Any CPU.Build.0 = Debug|Any CPU
		{96AE1CB6-E892-4218-954A-73EAAA8CBE31}.Release|Any CPU.ActiveCfg = Release|Any CPU
		{96AE1CB6-E892-4218-954A-73EAAA8CBE31}.Release|Any CPU.Build.0 = Release|Any CPU
		{E7DF6C7F-9375-4B23-8BA0-6895A6761BAD}.Debug|Any CPU.ActiveCfg = Debug|Any CPU
		{E7DF6C7F-9375-4B23-8BA0-6895A6761BAD}.Debug|Any CPU.Build.0 = Debug|Any CPU
		{E7DF6C7F-9375-4B23-8BA0-6895A6761BAD}.Release|Any CPU.ActiveCfg = Release|Any CPU
		{E7DF6C7F-9375-4B23-8BA0-6895A6761BAD}.Release|Any CPU.Build.0 = Release|Any CPU
	EndGlobalSection
	GlobalSection(SolutionProperties) = preSolution
		HideSolutionNode = FALSE
	EndGlobalSection
	GlobalSection(ExtensibilityGlobals) = postSolution
		SolutionGuid = {1CF3AF02-F550-43C9-973D-C19C1A421E41}
	EndGlobalSection
EndGlobal
